
Microsoft Visual Studio Solution File, Format Version 12.00
# Visual Studio 15
VisualStudioVersion = 15.0.28307.106
MinimumVisualStudioVersion = 10.0.40219.1
Project("{8BC9CEB8-8B4A-11D0-8D11-00A0C91BC942}") = "zadaniedlagrupy", "zadaniedlagrupy\zadaniedlagrupy.vcxproj", "{41318E6C-9D12-4105-8D5E-254BC02247F3}"
EndProject
Global
	GlobalSection(SolutionConfigurationPlatforms) = preSolution
		Debug|x64 = Debug|x64
		Debug|x86 = Debug|x86
		Release|x64 = Release|x64
		Release|x86 = Release|x86
	EndGlobalSection
	GlobalSection(ProjectConfigurationPlatforms) = postSolution
		{41318E6C-9D12-4105-8D5E-254BC02247F3}.Debug|x64.ActiveCfg = Debug|x64
		{41318E6C-9D12-4105-8D5E-254BC02247F3}.Debug|x64.Build.0 = Debug|x64
		{41318E6C-9D12-4105-8D5E-254BC02247F3}.Debug|x86.ActiveCfg = Debug|Win32
		{41318E6C-9D12-4105-8D5E-254BC02247F3}.Debug|x86.Build.0 = Debug|Win32
		{41318E6C-9D12-4105-8D5E-254BC02247F3}.Release|x64.ActiveCfg = Release|x64
		{41318E6C-9D12-4105-8D5E-254BC02247F3}.Release|x64.Build.0 = Release|x64
		{41318E6C-9D12-4105-8D5E-254BC02247F3}.Release|x86.ActiveCfg = Release|Win32
		{41318E6C-9D12-4105-8D5E-254BC02247F3}.Release|x86.Build.0 = Release|Win32
	EndGlobalSection
	GlobalSection(SolutionProperties) = preSolution
		HideSolutionNode = FALSE
	EndGlobalSection
	GlobalSection(ExtensibilityGlobals) = postSolution
		SolutionGuid = {B9F5191A-35E0-444A-8AE2-AF781087B338}
	EndGlobalSection
EndGlobal
